
Microsoft Visual Studio Solution File, Format Version 12.00
# Visual Studio Version 17
VisualStudioVersion = 17.10.35027.167
MinimumVisualStudioVersion = 10.0.40219.1
Project("{FAE04EC0-301F-11D3-BF4B-00C04F79EFBC}") = "btnproject", "btnproject.csproj", "{AAC5B4CB-9523-45DD-8A9F-0A2E85BEC9FE}"
EndProject
Global
	GlobalSection(SolutionConfigurationPlatforms) = preSolution
		Debug|Any CPU = Debug|Any CPU
		Release|Any CPU = Release|Any CPU
	EndGlobalSection
	GlobalSection(ProjectConfigurationPlatforms) = postSolution
		{AAC5B4CB-9523-45DD-8A9F-0A2E85BEC9FE}.Debug|Any CPU.ActiveCfg = Debug|Any CPU
		{AAC5B4CB-9523-45DD-8A9F-0A2E85BEC9FE}.Debug|Any CPU.Build.0 = Debug|Any CPU
		{AAC5B4CB-9523-45DD-8A9F-0A2E85BEC9FE}.Release|Any CPU.ActiveCfg = Release|Any CPU
		{AAC5B4CB-9523-45DD-8A9F-0A2E85BEC9FE}.Release|Any CPU.Build.0 = Release|Any CPU
	EndGlobalSection
	GlobalSection(SolutionProperties) = preSolution
		HideSolutionNode = FALSE
	EndGlobalSection
	GlobalSection(ExtensibilityGlobals) = postSolution
		SolutionGuid = {F368BEC6-33BE-41FF-8E20-5A82AA693DD5}
	EndGlobalSection
EndGlobal
